// !$*UTF8*$!
{
	archiveVersion = 1;
	classes = {
	};
	objectVersion = 46;
	objects = {

/* Begin PBXBuildFile section */
		D85AEB2B1A9E359C005FE2D7 /* Foundation.framework in Frameworks */ = {isa = PBXBuildFile; fileRef = D85AEB2A1A9E359C005FE2D7 /* Foundation.framework */; };
		D85AEB2D1A9E359C005FE2D7 /* CoreGraphics.framework in Frameworks */ = {isa = PBXBuildFile; fileRef = D85AEB2C1A9E359C005FE2D7 /* CoreGraphics.framework */; };
		D85AEB2F1A9E359C005FE2D7 /* UIKit.framework in Frameworks */ = {isa = PBXBuildFile; fileRef = D85AEB2E1A9E359C005FE2D7 /* UIKit.framework */; };
		D85AEB351A9E359C005FE2D7 /* InfoPlist.strings in Resources */ = {isa = PBXBuildFile; fileRef = D85AEB331A9E359C005FE2D7 /* InfoPlist.strings */; };
		D85AEB371A9E359C005FE2D7 /* main.m in Sources */ = {isa = PBXBuildFile; fileRef = D85AEB361A9E359C005FE2D7 /* main.m */; };
		D85AEB3B1A9E359C005FE2D7 /* BNRAppDelegate.m in Sources */ = {isa = PBXBuildFile; fileRef = D85AEB3A1A9E359C005FE2D7 /* BNRAppDelegate.m */; };
		D85AEB3D1A9E359C005FE2D7 /* Images.xcassets in Resources */ = {isa = PBXBuildFile; fileRef = D85AEB3C1A9E359C005FE2D7 /* Images.xcassets */; };
		D85AEB441A9E359C005FE2D7 /* XCTest.framework in Frameworks */ = {isa = PBXBuildFile; fileRef = D85AEB431A9E359C005FE2D7 /* XCTest.framework */; };
		D85AEB451A9E359C005FE2D7 /* Foundation.framework in Frameworks */ = {isa = PBXBuildFile; fileRef = D85AEB2A1A9E359C005FE2D7 /* Foundation.framework */; };
		D85AEB461A9E359C005FE2D7 /* UIKit.framework in Frameworks */ = {isa = PBXBuildFile; fileRef = D85AEB2E1A9E359C005FE2D7 /* UIKit.framework */; };
		D85AEB4E1A9E359C005FE2D7 /* InfoPlist.strings in Resources */ = {isa = PBXBuildFile; fileRef = D85AEB4C1A9E359C005FE2D7 /* InfoPlist.strings */; };
		D85AEB501A9E359C005FE2D7 /* QuizTests.m in Sources */ = {isa = PBXBuildFile; fileRef = D85AEB4F1A9E359C005FE2D7 /* QuizTests.m */; };
		D85AEB5C1A9E3C24005FE2D7 /* BNRQuizViewController.m in Sources */ = {isa = PBXBuildFile; fileRef = D85AEB5A1A9E3C24005FE2D7 /* BNRQuizViewController.m */; };
		D85AEB5D1A9E3C24005FE2D7 /* BNRQuizViewController.xib in Resources */ = {isa = PBXBuildFile; fileRef = D85AEB5B1A9E3C24005FE2D7 /* BNRQuizViewController.xib */; };
/* End PBXBuildFile section */

/* Begin PBXContainerItemProxy section */
		D85AEB471A9E359C005FE2D7 /* PBXContainerItemProxy */ = {
			isa = PBXContainerItemProxy;
			containerPortal = D85AEB1F1A9E359C005FE2D7 /* Project object */;
			proxyType = 1;
			remoteGlobalIDString = D85AEB261A9E359C005FE2D7;
			remoteInfo = Quiz;
		};
/* End PBXContainerItemProxy section */

/* Begin PBXFileReference section */
		D85AEB271A9E359C005FE2D7 /* Quiz.app */ = {isa = PBXFileReference; explicitFileType = wrapper.application; includeInIndex = 0; path = Quiz.app; sourceTree = BUILT_PRODUCTS_DIR; };
		D85AEB2A1A9E359C005FE2D7 /* Foundation.framework */ = {isa = PBXFileReference; lastKnownFileType = wrapper.framework; name = Foundation.framework; path = System/Library/Frameworks/Foundation.framework; sourceTree = SDKROOT; };
		D85AEB2C1A9E359C005FE2D7 /* CoreGraphics.framework */ = {isa = PBXFileReference; lastKnownFileType = wrapper.framework; name = CoreGraphics.framework; path = System/Library/Frameworks/CoreGraphics.framework; sourceTree = SDKROOT; };
		D85AEB2E1A9E359C005FE2D7 /* UIKit.framework */ = {isa = PBXFileReference; lastKnownFileType = wrapper.framework; name = UIKit.framework; path = System/Library/Frameworks/UIKit.framework; sourceTree = SDKROOT; };
		D85AEB321A9E359C005FE2D7 /* Quiz-Info.plist */ = {isa = PBXFileReference; lastKnownFileType = text.plist.xml; path = "Quiz-Info.plist"; sourceTree = "<group>"; };
		D85AEB341A9E359C005FE2D7 /* en */ = {isa = PBXFileReference; lastKnownFileType = text.plist.strings; name = en; path = en.lproj/InfoPlist.strings; sourceTree = "<group>"; };
		D85AEB361A9E359C005FE2D7 /* main.m */ = {isa = PBXFileReference; lastKnownFileType = sourcecode.c.objc; path = main.m; sourceTree = "<group>"; };
		D85AEB381A9E359C005FE2D7 /* Quiz-Prefix.pch */ = {isa = PBXFileReference; lastKnownFileType = sourcecode.c.h; path = "Quiz-Prefix.pch"; sourceTree = "<group>"; };
		D85AEB391A9E359C005FE2D7 /* BNRAppDelegate.h */ = {isa = PBXFileReference; lastKnownFileType = sourcecode.c.h; path = BNRAppDelegate.h; sourceTree = "<group>"; };
		D85AEB3A1A9E359C005FE2D7 /* BNRAppDelegate.m */ = {isa = PBXFileReference; lastKnownFileType = sourcecode.c.objc; path = BNRAppDelegate.m; sourceTree = "<group>"; };
		D85AEB3C1A9E359C005FE2D7 /* Images.xcassets */ = {isa = PBXFileReference; lastKnownFileType = folder.assetcatalog; path = Images.xcassets; sourceTree = "<group>"; };
		D85AEB421A9E359C005FE2D7 /* QuizTests.xctest */ = {isa = PBXFileReference; explicitFileType = wrapper.cfbundle; includeInIndex = 0; path = QuizTests.xctest; sourceTree = BUILT_PRODUCTS_DIR; };
		D85AEB431A9E359C005FE2D7 /* XCTest.framework */ = {isa = PBXFileReference; lastKnownFileType = wrapper.framework; name = XCTest.framework; path = Library/Frameworks/XCTest.framework; sourceTree = DEVELOPER_DIR; };
		D85AEB4B1A9E359C005FE2D7 /* QuizTests-Info.plist */ = {isa = PBXFileReference; lastKnownFileType = text.plist.xml; path = "QuizTests-Info.plist"; sourceTree = "<group>"; };
		D85AEB4D1A9E359C005FE2D7 /* en */ = {isa = PBXFileReference; lastKnownFileType = text.plist.strings; name = en; path = en.lproj/InfoPlist.strings; sourceTree = "<group>"; };
		D85AEB4F1A9E359C005FE2D7 /* QuizTests.m */ = {isa = PBXFileReference; lastKnownFileType = sourcecode.c.objc; path = QuizTests.m; sourceTree = "<group>"; };
		D85AEB591A9E3C24005FE2D7 /* BNRQuizViewController.h */ = {isa = PBXFileReference; fileEncoding = 4; lastKnownFileType = sourcecode.c.h; path = BNRQuizViewController.h; sourceTree = "<group>"; };
		D85AEB5A1A9E3C24005FE2D7 /* BNRQuizViewController.m */ = {isa = PBXFileReference; fileEncoding = 4; lastKnownFileType = sourcecode.c.objc; path = BNRQuizViewController.m; sourceTree = "<group>"; };
		D85AEB5B1A9E3C24005FE2D7 /* BNRQuizViewController.xib */ = {isa = PBXFileReference; fileEncoding = 4; lastKnownFileType = file.xib; path = BNRQuizViewController.xib; sourceTree = "<group>"; };
/* End PBXFileReference section */

/* Begin PBXFrameworksBuildPhase section */
		D85AEB241A9E359C005FE2D7 /* Frameworks */ = {
			isa = PBXFrameworksBuildPhase;
			buildActionMask = 2147483647;
			files = (
				D85AEB2D1A9E359C005FE2D7 /* CoreGraphics.framework in Frameworks */,
				D85AEB2F1A9E359C005FE2D7 /* UIKit.framework in Frameworks */,
				D85AEB2B1A9E359C005FE2D7 /* Foundation.framework in Frameworks */,
			);
			runOnlyForDeploymentPostprocessing = 0;
		};
		D85AEB3F1A9E359C005FE2D7 /* Frameworks */ = {
			isa = PBXFrameworksBuildPhase;
			buildActionMask = 2147483647;
			files = (
				D85AEB441A9E359C005FE2D7 /* XCTest.framework in Frameworks */,
				D85AEB461A9E359C005FE2D7 /* UIKit.framework in Frameworks */,
				D85AEB451A9E359C005FE2D7 /* Foundation.framework in Frameworks */,
			);
			runOnlyForDeploymentPostprocessing = 0;
		};
/* End PBXFrameworksBuildPhase section */

/* Begin PBXGroup section */
		D85AEB1E1A9E359C005FE2D7 = {
			isa = PBXGroup;
			children = (
				D85AEB591A9E3C24005FE2D7 /* BNRQuizViewController.h */,
				D85AEB5A1A9E3C24005FE2D7 /* BNRQuizViewController.m */,
				D85AEB5B1A9E3C24005FE2D7 /* BNRQuizViewController.xib */,
				D85AEB301A9E359C005FE2D7 /* Quiz */,
				D85AEB491A9E359C005FE2D7 /* QuizTests */,
				D85AEB291A9E359C005FE2D7 /* Frameworks */,
				D85AEB281A9E359C005FE2D7 /* Products */,
			);
			sourceTree = "<group>";
		};
		D85AEB281A9E359C005FE2D7 /* Products */ = {
			isa = PBXGroup;
			children = (
				D85AEB271A9E359C005FE2D7 /* Quiz.app */,
				D85AEB421A9E359C005FE2D7 /* QuizTests.xctest */,
			);
			name = Products;
			sourceTree = "<group>";
		};
		D85AEB291A9E359C005FE2D7 /* Frameworks */ = {
			isa = PBXGroup;
			children = (
				D85AEB2A1A9E359C005FE2D7 /* Foundation.framework */,
				D85AEB2C1A9E359C005FE2D7 /* CoreGraphics.framework */,
				D85AEB2E1A9E359C005FE2D7 /* UIKit.framework */,
				D85AEB431A9E359C005FE2D7 /* XCTest.framework */,
			);
			name = Frameworks;
			sourceTree = "<group>";
		};
		D85AEB301A9E359C005FE2D7 /* Quiz */ = {
			isa = PBXGroup;
			children = (
				D85AEB391A9E359C005FE2D7 /* BNRAppDelegate.h */,
				D85AEB3A1A9E359C005FE2D7 /* BNRAppDelegate.m */,
				D85AEB3C1A9E359C005FE2D7 /* Images.xcassets */,
				D85AEB311A9E359C005FE2D7 /* Supporting Files */,
			);
			path = Quiz;
			sourceTree = "<group>";
		};
		D85AEB311A9E359C005FE2D7 /* Supporting Files */ = {
			isa = PBXGroup;
			children = (
				D85AEB321A9E359C005FE2D7 /* Quiz-Info.plist */,
				D85AEB331A9E359C005FE2D7 /* InfoPlist.strings */,
				D85AEB361A9E359C005FE2D7 /* main.m */,
				D85AEB381A9E359C005FE2D7 /* Quiz-Prefix.pch */,
			);
			name = "Supporting Files";
			sourceTree = "<group>";
		};
		D85AEB491A9E359C005FE2D7 /* QuizTests */ = {
			isa = PBXGroup;
			children = (
				D85AEB4F1A9E359C005FE2D7 /* QuizTests.m */,
				D85AEB4A1A9E359C005FE2D7 /* Supporting Files */,
			);
			path = QuizTests;
			sourceTree = "<group>";
		};
		D85AEB4A1A9E359C005FE2D7 /* Supporting Files */ = {
			isa = PBXGroup;
			children = (
				D85AEB4B1A9E359C005FE2D7 /* QuizTests-Info.plist */,
				D85AEB4C1A9E359C005FE2D7 /* InfoPlist.strings */,
			);
			name = "Supporting Files";
			sourceTree = "<group>";
		};
/* End PBXGroup section */

/* Begin PBXNativeTarget section */
		D85AEB261A9E359C005FE2D7 /* Quiz */ = {
			isa = PBXNativeTarget;
			buildConfigurationList = D85AEB531A9E359C005FE2D7 /* Build configuration list for PBXNativeTarget "Quiz" */;
			buildPhases = (
				D85AEB231A9E359C005FE2D7 /* Sources */,
				D85AEB241A9E359C005FE2D7 /* Frameworks */,
				D85AEB251A9E359C005FE2D7 /* Resources */,
			);
			buildRules = (
			);
			dependencies = (
			);
			name = Quiz;
			productName = Quiz;
			productReference = D85AEB271A9E359C005FE2D7 /* Quiz.app */;
			productType = "com.apple.product-type.application";
		};
		D85AEB411A9E359C005FE2D7 /* QuizTests */ = {
			isa = PBXNativeTarget;
			buildConfigurationList = D85AEB561A9E359C005FE2D7 /* Build configuration list for PBXNativeTarget "QuizTests" */;
			buildPhases = (
				D85AEB3E1A9E359C005FE2D7 /* Sources */,
				D85AEB3F1A9E359C005FE2D7 /* Frameworks */,
				D85AEB401A9E359C005FE2D7 /* Resources */,
			);
			buildRules = (
			);
			dependencies = (
				D85AEB481A9E359C005FE2D7 /* PBXTargetDependency */,
			);
			name = QuizTests;
			productName = QuizTests;
			productReference = D85AEB421A9E359C005FE2D7 /* QuizTests.xctest */;
			productType = "com.apple.product-type.bundle.unit-test";
		};
/* End PBXNativeTarget section */

/* Begin PBXProject section */
		D85AEB1F1A9E359C005FE2D7 /* Project object */ = {
			isa = PBXProject;
			attributes = {
				CLASSPREFIX = BNR;
				LastUpgradeCheck = 0510;
				ORGANIZATIONNAME = "Collin Grubbs";
				TargetAttributes = {
					D85AEB411A9E359C005FE2D7 = {
						TestTargetID = D85AEB261A9E359C005FE2D7;
					};
				};
			};
			buildConfigurationList = D85AEB221A9E359C005FE2D7 /* Build configuration list for PBXProject "Quiz" */;
			compatibilityVersion = "Xcode 3.2";
			developmentRegion = English;
			hasScannedForEncodings = 0;
			knownRegions = (
				en,
			);
			mainGroup = D85AEB1E1A9E359C005FE2D7;
			productRefGroup = D85AEB281A9E359C005FE2D7 /* Products */;
			projectDirPath = "";
			projectRoot = "";
			targets = (
				D85AEB261A9E359C005FE2D7 /* Quiz */,
				D85AEB411A9E359C005FE2D7 /* QuizTests */,
			);
		};
/* End PBXProject section */

/* Begin PBXResourcesBuildPhase section */
		D85AEB251A9E359C005FE2D7 /* Resources */ = {
			isa = PBXResourcesBuildPhase;
			buildActionMask = 2147483647;
			files = (
				D85AEB351A9E359C005FE2D7 /* InfoPlist.strings in Resources */,
				D85AEB5D1A9E3C24005FE2D7 /* BNRQuizViewController.xib in Resources */,
				D85AEB3D1A9E359C005FE2D7 /* Images.xcassets in Resources */,
			);
			runOnlyForDeploymentPostprocessing = 0;
		};
		D85AEB401A9E359C005FE2D7 /* Resources */ = {
			isa = PBXResourcesBuildPhase;
			buildActionMask = 2147483647;
			files = (
				D85AEB4E1A9E359C005FE2D7 /* InfoPlist.strings in Resources */,
			);
			runOnlyForDeploymentPostprocessing = 0;
		};
/* End PBXResourcesBuildPhase section */

/* Begin PBXSourcesBuildPhase section */
		D85AEB231A9E359C005FE2D7 /* Sources */ = {
			isa = PBXSourcesBuildPhase;
			buildActionMask = 2147483647;
			files = (
				D85AEB371A9E359C005FE2D7 /* main.m in Sources */,
				D85AEB3B1A9E359C005FE2D7 /* BNRAppDelegate.m in Sources */,
				D85AEB5C1A9E3C24005FE2D7 /* BNRQuizViewController.m in Sources */,
			);
			runOnlyForDeploymentPostprocessing = 0;
		};
		D85AEB3E1A9E359C005FE2D7 /* Sources */ = {
			isa = PBXSourcesBuildPhase;
			buildActionMask = 2147483647;
			files = (
				D85AEB501A9E359C005FE2D7 /* QuizTests.m in Sources */,
			);
			runOnlyForDeploymentPostprocessing = 0;
		};
/* End PBXSourcesBuildPhase section */

/* Begin PBXTargetDependency section */
		D85AEB481A9E359C005FE2D7 /* PBXTargetDependency */ = {
			isa = PBXTargetDependency;
			target = D85AEB261A9E359C005FE2D7 /* Quiz */;
			targetProxy = D85AEB471A9E359C005FE2D7 /* PBXContainerItemProxy */;
		};
/* End PBXTargetDependency section */

/* Begin PBXVariantGroup section */
		D85AEB331A9E359C005FE2D7 /* InfoPlist.strings */ = {
			isa = PBXVariantGroup;
			children = (
				D85AEB341A9E359C005FE2D7 /* en */,
			);
			name = InfoPlist.strings;
			sourceTree = "<group>";
		};
		D85AEB4C1A9E359C005FE2D7 /* InfoPlist.strings */ = {
			isa = PBXVariantGroup;
			children = (
				D85AEB4D1A9E359C005FE2D7 /* en */,
			);
			name = InfoPlist.strings;
			sourceTree = "<group>";
		};
/* End PBXVariantGroup section */

/* Begin XCBuildConfiguration section */
		D85AEB511A9E359C005FE2D7 /* Debug */ = {
			isa = XCBuildConfiguration;
			buildSettings = {
				ALWAYS_SEARCH_USER_PATHS = NO;
				CLANG_CXX_LANGUAGE_STANDARD = "gnu++0x";
				CLANG_CXX_LIBRARY = "libc++";
				CLANG_ENABLE_MODULES = YES;
				CLANG_ENABLE_OBJC_ARC = YES;
				CLANG_WARN_BOOL_CONVERSION = YES;
				CLANG_WARN_CONSTANT_CONVERSION = YES;
				CLANG_WARN_DIRECT_OBJC_ISA_USAGE = YES_ERROR;
				CLANG_WARN_EMPTY_BODY = YES;
				CLANG_WARN_ENUM_CONVERSION = YES;
				CLANG_WARN_INT_CONVERSION = YES;
				CLANG_WARN_OBJC_ROOT_CLASS = YES_ERROR;
				CLANG_WARN__DUPLICATE_METHOD_MATCH = YES;
				"CODE_SIGN_IDENTITY[sdk=iphoneos*]" = "iPhone Developer";
				COPY_PHASE_STRIP = NO;
				GCC_C_LANGUAGE_STANDARD = gnu99;
				GCC_DYNAMIC_NO_PIC = NO;
				GCC_OPTIMIZATION_LEVEL = 0;
				GCC_PREPROCESSOR_DEFINITIONS = (
					"DEBUG=1",
					"$(inherited)",
				);
				GCC_SYMBOLS_PRIVATE_EXTERN = NO;
				GCC_WARN_64_TO_32_BIT_CONVERSION = YES;
				GCC_WARN_ABOUT_RETURN_TYPE = YES_ERROR;
				GCC_WARN_UNDECLARED_SELECTOR = YES;
				GCC_WARN_UNINITIALIZED_AUTOS = YES_AGGRESSIVE;
				GCC_WARN_UNUSED_FUNCTION = YES;
				GCC_WARN_UNUSED_VARIABLE = YES;
				IPHONEOS_DEPLOYMENT_TARGET = 7.1;
				ONLY_ACTIVE_ARCH = YES;
				SDKROOT = iphoneos;
			};
			name = Debug;
		};
		D85AEB521A9E359C005FE2D7 /* Release */ = {
			isa = XCBuildConfiguration;
			buildSettings = {
				ALWAYS_SEARCH_USER_PATHS = NO;
				CLANG_CXX_LANGUAGE_STANDARD = "gnu++0x";
				CLANG_CXX_LIBRARY = "libc++";
				CLANG_ENABLE_MODULES = YES;
				CLANG_ENABLE_OBJC_ARC = YES;
				CLANG_WARN_BOOL_CONVERSION = YES;
				CLANG_WARN_CONSTANT_CONVERSION = YES;
				CLANG_WARN_DIRECT_OBJC_ISA_USAGE = YES_ERROR;
				CLANG_WARN_EMPTY_BODY = YES;
				CLANG_WARN_ENUM_CONVERSION = YES;
				CLANG_WARN_INT_CONVERSION = YES;
				CLANG_WARN_OBJC_ROOT_CLASS = YES_ERROR;
				CLANG_WARN__DUPLICATE_METHOD_MATCH = YES;
				"CODE_SIGN_IDENTITY[sdk=iphoneos*]" = "iPhone Developer";
				COPY_PHASE_STRIP = YES;
				ENABLE_NS_ASSERTIONS = NO;
				GCC_C_LANGUAGE_STANDARD = gnu99;
				GCC_WARN_64_TO_32_BIT_CONVERSION = YES;
				GCC_WARN_ABOUT_RETURN_TYPE = YES_ERROR;
				GCC_WARN_UNDECLARED_SELECTOR = YES;
				GCC_WARN_UNINITIALIZED_AUTOS = YES_AGGRESSIVE;
				GCC_WARN_UNUSED_FUNCTION = YES;
				GCC_WARN_UNUSED_VARIABLE = YES;
				IPHONEOS_DEPLOYMENT_TARGET = 7.1;
				SDKROOT = iphoneos;
				VALIDATE_PRODUCT = YES;
			};
			name = Release;
		};
		D85AEB541A9E359C005FE2D7 /* Debug */ = {
			isa = XCBuildConfiguration;
			buildSettings = {
				ASSETCATALOG_COMPILER_APPICON_NAME = AppIcon;
				ASSETCATALOG_COMPILER_LAUNCHIMAGE_NAME = LaunchImage;
				GCC_PRECOMPILE_PREFIX_HEADER = YES;
				GCC_PREFIX_HEADER = "Quiz/Quiz-Prefix.pch";
				INFOPLIST_FILE = "Quiz/Quiz-Info.plist";
				PRODUCT_NAME = "$(TARGET_NAME)";
				WRAPPER_EXTENSION = app;
			};
			name = Debug;
		};
		D85AEB551A9E359C005FE2D7 /* Release */ = {
			isa = XCBuildConfiguration;
			buildSettings = {
				ASSETCATALOG_COMPILER_APPICON_NAME = AppIcon;
				ASSETCATALOG_COMPILER_LAUNCHIMAGE_NAME = LaunchImage;
				GCC_PRECOMPILE_PREFIX_HEADER = YES;
				GCC_PREFIX_HEADER = "Quiz/Quiz-Prefix.pch";
				INFOPLIST_FILE = "Quiz/Quiz-Info.plist";
				PRODUCT_NAME = "$(TARGET_NAME)";
				WRAPPER_EXTENSION = app;
			};
			name = Release;
		};
		D85AEB571A9E359C005FE2D7 /* Debug */ = {
			isa = XCBuildConfiguration;
			buildSettings = {
				BUNDLE_LOADER = "$(BUILT_PRODUCTS_DIR)/Quiz.app/Quiz";
				FRAMEWORK_SEARCH_PATHS = (
					"$(SDKROOT)/Developer/Library/Frameworks",
					"$(inherited)",
					"$(DEVELOPER_FRAMEWORKS_DIR)",
				);
				GCC_PRECOMPILE_PREFIX_HEADER = YES;
				GCC_PREFIX_HEADER = "Quiz/Quiz-Prefix.pch";
				GCC_PREPROCESSOR_DEFINITIONS = (
					"DEBUG=1",
					"$(inherited)",
				);
				INFOPLIST_FILE = "QuizTests/QuizTests-Info.plist";
				PRODUCT_NAME = "$(TARGET_NAME)";
				TEST_HOST = "$(BUNDLE_LOADER)";
				WRAPPER_EXTENSION = xctest;
			};
			name = Debug;
		};
		D85AEB581A9E359C005FE2D7 /* Release */ = {
			isa = XCBuildConfiguration;
			buildSettings = {
				BUNDLE_LOADER = "$(BUILT_PRODUCTS_DIR)/Quiz.app/Quiz";
				FRAMEWORK_SEARCH_PATHS = (
					"$(SDKROOT)/Developer/Library/Frameworks",
					"$(inherited)",
					"$(DEVELOPER_FRAMEWORKS_DIR)",
				);
				GCC_PRECOMPILE_PREFIX_HEADER = YES;
				GCC_PREFIX_HEADER = "Quiz/Quiz-Prefix.pch";
				INFOPLIST_FILE = "QuizTests/QuizTests-Info.plist";
				PRODUCT_NAME = "$(TARGET_NAME)";
				TEST_HOST = "$(BUNDLE_LOADER)";
				WRAPPER_EXTENSION = xctest;
			};
			name = Release;
		};
/* End XCBuildConfiguration section */

/* Begin XCConfigurationList section */
		D85AEB221A9E359C005FE2D7 /* Build configuration list for PBXProject "Quiz" */ = {
			isa = XCConfigurationList;
			buildConfigurations = (
				D85AEB511A9E359C005FE2D7 /* Debug */,
				D85AEB521A9E359C005FE2D7 /* Release */,
			);
			defaultConfigurationIsVisible = 0;
			defaultConfigurationName = Release;
		};
		D85AEB531A9E359C005FE2D7 /* Build configuration list for PBXNativeTarget "Quiz" */ = {
			isa = XCConfigurationList;
			buildConfigurations = (
				D85AEB541A9E359C005FE2D7 /* Debug */,
				D85AEB551A9E359C005FE2D7 /* Release */,
			);
			defaultConfigurationIsVisible = 0;
		};
		D85AEB561A9E359C005FE2D7 /* Build configuration list for PBXNativeTarget "QuizTests" */ = {
			isa = XCConfigurationList;
			buildConfigurations = (
				D85AEB571A9E359C005FE2D7 /* Debug */,
				D85AEB581A9E359C005FE2D7 /* Release */,
			);
			defaultConfigurationIsVisible = 0;
		};
/* End XCConfigurationList section */
	};
	rootObject = D85AEB1F1A9E359C005FE2D7 /* Project object */;
}
