// !$*UTF8*$!
{
	archiveVersion = 1;
	classes = {
	};
	objectVersion = 46;
	objects = {

/* Begin PBXBuildFile section */
		D80AA7C01AA6601800C21D96 /* Foundation.framework in Frameworks */ = {isa = PBXBuildFile; fileRef = D80AA7BF1AA6601800C21D96 /* Foundation.framework */; };
		D80AA7C21AA6601800C21D96 /* CoreGraphics.framework in Frameworks */ = {isa = PBXBuildFile; fileRef = D80AA7C11AA6601800C21D96 /* CoreGraphics.framework */; };
		D80AA7C41AA6601800C21D96 /* UIKit.framework in Frameworks */ = {isa = PBXBuildFile; fileRef = D80AA7C31AA6601800C21D96 /* UIKit.framework */; };
		D80AA7CA1AA6601800C21D96 /* InfoPlist.strings in Resources */ = {isa = PBXBuildFile; fileRef = D80AA7C81AA6601800C21D96 /* InfoPlist.strings */; };
		D80AA7CC1AA6601800C21D96 /* main.m in Sources */ = {isa = PBXBuildFile; fileRef = D80AA7CB1AA6601800C21D96 /* main.m */; };
		D80AA7D01AA6601800C21D96 /* BNRAppDelegate.m in Sources */ = {isa = PBXBuildFile; fileRef = D80AA7CF1AA6601800C21D96 /* BNRAppDelegate.m */; };
		D80AA7D21AA6601800C21D96 /* Images.xcassets in Resources */ = {isa = PBXBuildFile; fileRef = D80AA7D11AA6601800C21D96 /* Images.xcassets */; };
		D80AA7D91AA6601800C21D96 /* XCTest.framework in Frameworks */ = {isa = PBXBuildFile; fileRef = D80AA7D81AA6601800C21D96 /* XCTest.framework */; };
		D80AA7DA1AA6601800C21D96 /* Foundation.framework in Frameworks */ = {isa = PBXBuildFile; fileRef = D80AA7BF1AA6601800C21D96 /* Foundation.framework */; };
		D80AA7DB1AA6601800C21D96 /* UIKit.framework in Frameworks */ = {isa = PBXBuildFile; fileRef = D80AA7C31AA6601800C21D96 /* UIKit.framework */; };
		D80AA7E31AA6601800C21D96 /* InfoPlist.strings in Resources */ = {isa = PBXBuildFile; fileRef = D80AA7E11AA6601800C21D96 /* InfoPlist.strings */; };
		D80AA7E51AA6601800C21D96 /* HypnosisterTests.m in Sources */ = {isa = PBXBuildFile; fileRef = D80AA7E41AA6601800C21D96 /* HypnosisterTests.m */; };
		D80AA7F01AA6D4D300C21D96 /* BNRHypnosisView.m in Sources */ = {isa = PBXBuildFile; fileRef = D80AA7EF1AA6D4D300C21D96 /* BNRHypnosisView.m */; };
/* End PBXBuildFile section */

/* Begin PBXContainerItemProxy section */
		D80AA7DC1AA6601800C21D96 /* PBXContainerItemProxy */ = {
			isa = PBXContainerItemProxy;
			containerPortal = D80AA7B41AA6601800C21D96 /* Project object */;
			proxyType = 1;
			remoteGlobalIDString = D80AA7BB1AA6601800C21D96;
			remoteInfo = Hypnosister;
		};
/* End PBXContainerItemProxy section */

/* Begin PBXFileReference section */
		D80AA7BC1AA6601800C21D96 /* Hypnosister.app */ = {isa = PBXFileReference; explicitFileType = wrapper.application; includeInIndex = 0; path = Hypnosister.app; sourceTree = BUILT_PRODUCTS_DIR; };
		D80AA7BF1AA6601800C21D96 /* Foundation.framework */ = {isa = PBXFileReference; lastKnownFileType = wrapper.framework; name = Foundation.framework; path = System/Library/Frameworks/Foundation.framework; sourceTree = SDKROOT; };
		D80AA7C11AA6601800C21D96 /* CoreGraphics.framework */ = {isa = PBXFileReference; lastKnownFileType = wrapper.framework; name = CoreGraphics.framework; path = System/Library/Frameworks/CoreGraphics.framework; sourceTree = SDKROOT; };
		D80AA7C31AA6601800C21D96 /* UIKit.framework */ = {isa = PBXFileReference; lastKnownFileType = wrapper.framework; name = UIKit.framework; path = System/Library/Frameworks/UIKit.framework; sourceTree = SDKROOT; };
		D80AA7C71AA6601800C21D96 /* Hypnosister-Info.plist */ = {isa = PBXFileReference; lastKnownFileType = text.plist.xml; path = "Hypnosister-Info.plist"; sourceTree = "<group>"; };
		D80AA7C91AA6601800C21D96 /* en */ = {isa = PBXFileReference; lastKnownFileType = text.plist.strings; name = en; path = en.lproj/InfoPlist.strings; sourceTree = "<group>"; };
		D80AA7CB1AA6601800C21D96 /* main.m */ = {isa = PBXFileReference; lastKnownFileType = sourcecode.c.objc; path = main.m; sourceTree = "<group>"; };
		D80AA7CD1AA6601800C21D96 /* Hypnosister-Prefix.pch */ = {isa = PBXFileReference; lastKnownFileType = sourcecode.c.h; path = "Hypnosister-Prefix.pch"; sourceTree = "<group>"; };
		D80AA7CE1AA6601800C21D96 /* BNRAppDelegate.h */ = {isa = PBXFileReference; lastKnownFileType = sourcecode.c.h; path = BNRAppDelegate.h; sourceTree = "<group>"; };
		D80AA7CF1AA6601800C21D96 /* BNRAppDelegate.m */ = {isa = PBXFileReference; lastKnownFileType = sourcecode.c.objc; path = BNRAppDelegate.m; sourceTree = "<group>"; };
		D80AA7D11AA6601800C21D96 /* Images.xcassets */ = {isa = PBXFileReference; lastKnownFileType = folder.assetcatalog; path = Images.xcassets; sourceTree = "<group>"; };
		D80AA7D71AA6601800C21D96 /* HypnosisterTests.xctest */ = {isa = PBXFileReference; explicitFileType = wrapper.cfbundle; includeInIndex = 0; path = HypnosisterTests.xctest; sourceTree = BUILT_PRODUCTS_DIR; };
		D80AA7D81AA6601800C21D96 /* XCTest.framework */ = {isa = PBXFileReference; lastKnownFileType = wrapper.framework; name = XCTest.framework; path = Library/Frameworks/XCTest.framework; sourceTree = DEVELOPER_DIR; };
		D80AA7E01AA6601800C21D96 /* HypnosisterTests-Info.plist */ = {isa = PBXFileReference; lastKnownFileType = text.plist.xml; path = "HypnosisterTests-Info.plist"; sourceTree = "<group>"; };
		D80AA7E21AA6601800C21D96 /* en */ = {isa = PBXFileReference; lastKnownFileType = text.plist.strings; name = en; path = en.lproj/InfoPlist.strings; sourceTree = "<group>"; };
		D80AA7E41AA6601800C21D96 /* HypnosisterTests.m */ = {isa = PBXFileReference; lastKnownFileType = sourcecode.c.objc; path = HypnosisterTests.m; sourceTree = "<group>"; };
		D80AA7EE1AA6D4D300C21D96 /* BNRHypnosisView.h */ = {isa = PBXFileReference; fileEncoding = 4; lastKnownFileType = sourcecode.c.h; path = BNRHypnosisView.h; sourceTree = "<group>"; };
		D80AA7EF1AA6D4D300C21D96 /* BNRHypnosisView.m */ = {isa = PBXFileReference; fileEncoding = 4; lastKnownFileType = sourcecode.c.objc; path = BNRHypnosisView.m; sourceTree = "<group>"; };
/* End PBXFileReference section */

/* Begin PBXFrameworksBuildPhase section */
		D80AA7B91AA6601800C21D96 /* Frameworks */ = {
			isa = PBXFrameworksBuildPhase;
			buildActionMask = 2147483647;
			files = (
				D80AA7C21AA6601800C21D96 /* CoreGraphics.framework in Frameworks */,
				D80AA7C41AA6601800C21D96 /* UIKit.framework in Frameworks */,
				D80AA7C01AA6601800C21D96 /* Foundation.framework in Frameworks */,
			);
			runOnlyForDeploymentPostprocessing = 0;
		};
		D80AA7D41AA6601800C21D96 /* Frameworks */ = {
			isa = PBXFrameworksBuildPhase;
			buildActionMask = 2147483647;
			files = (
				D80AA7D91AA6601800C21D96 /* XCTest.framework in Frameworks */,
				D80AA7DB1AA6601800C21D96 /* UIKit.framework in Frameworks */,
				D80AA7DA1AA6601800C21D96 /* Foundation.framework in Frameworks */,
			);
			runOnlyForDeploymentPostprocessing = 0;
		};
/* End PBXFrameworksBuildPhase section */

/* Begin PBXGroup section */
		D80AA7B31AA6601800C21D96 = {
			isa = PBXGroup;
			children = (
				D80AA7C51AA6601800C21D96 /* Hypnosister */,
				D80AA7DE1AA6601800C21D96 /* HypnosisterTests */,
				D80AA7BE1AA6601800C21D96 /* Frameworks */,
				D80AA7BD1AA6601800C21D96 /* Products */,
			);
			sourceTree = "<group>";
		};
		D80AA7BD1AA6601800C21D96 /* Products */ = {
			isa = PBXGroup;
			children = (
				D80AA7BC1AA6601800C21D96 /* Hypnosister.app */,
				D80AA7D71AA6601800C21D96 /* HypnosisterTests.xctest */,
			);
			name = Products;
			sourceTree = "<group>";
		};
		D80AA7BE1AA6601800C21D96 /* Frameworks */ = {
			isa = PBXGroup;
			children = (
				D80AA7BF1AA6601800C21D96 /* Foundation.framework */,
				D80AA7C11AA6601800C21D96 /* CoreGraphics.framework */,
				D80AA7C31AA6601800C21D96 /* UIKit.framework */,
				D80AA7D81AA6601800C21D96 /* XCTest.framework */,
			);
			name = Frameworks;
			sourceTree = "<group>";
		};
		D80AA7C51AA6601800C21D96 /* Hypnosister */ = {
			isa = PBXGroup;
			children = (
				D80AA7CE1AA6601800C21D96 /* BNRAppDelegate.h */,
				D80AA7CF1AA6601800C21D96 /* BNRAppDelegate.m */,
				D80AA7EE1AA6D4D300C21D96 /* BNRHypnosisView.h */,
				D80AA7EF1AA6D4D300C21D96 /* BNRHypnosisView.m */,
				D80AA7D11AA6601800C21D96 /* Images.xcassets */,
				D80AA7C61AA6601800C21D96 /* Supporting Files */,
			);
			path = Hypnosister;
			sourceTree = "<group>";
		};
		D80AA7C61AA6601800C21D96 /* Supporting Files */ = {
			isa = PBXGroup;
			children = (
				D80AA7C71AA6601800C21D96 /* Hypnosister-Info.plist */,
				D80AA7C81AA6601800C21D96 /* InfoPlist.strings */,
				D80AA7CB1AA6601800C21D96 /* main.m */,
				D80AA7CD1AA6601800C21D96 /* Hypnosister-Prefix.pch */,
			);
			name = "Supporting Files";
			sourceTree = "<group>";
		};
		D80AA7DE1AA6601800C21D96 /* HypnosisterTests */ = {
			isa = PBXGroup;
			children = (
				D80AA7E41AA6601800C21D96 /* HypnosisterTests.m */,
				D80AA7DF1AA6601800C21D96 /* Supporting Files */,
			);
			path = HypnosisterTests;
			sourceTree = "<group>";
		};
		D80AA7DF1AA6601800C21D96 /* Supporting Files */ = {
			isa = PBXGroup;
			children = (
				D80AA7E01AA6601800C21D96 /* HypnosisterTests-Info.plist */,
				D80AA7E11AA6601800C21D96 /* InfoPlist.strings */,
			);
			name = "Supporting Files";
			sourceTree = "<group>";
		};
/* End PBXGroup section */

/* Begin PBXNativeTarget section */
		D80AA7BB1AA6601800C21D96 /* Hypnosister */ = {
			isa = PBXNativeTarget;
			buildConfigurationList = D80AA7E81AA6601800C21D96 /* Build configuration list for PBXNativeTarget "Hypnosister" */;
			buildPhases = (
				D80AA7B81AA6601800C21D96 /* Sources */,
				D80AA7B91AA6601800C21D96 /* Frameworks */,
				D80AA7BA1AA6601800C21D96 /* Resources */,
			);
			buildRules = (
			);
			dependencies = (
			);
			name = Hypnosister;
			productName = Hypnosister;
			productReference = D80AA7BC1AA6601800C21D96 /* Hypnosister.app */;
			productType = "com.apple.product-type.application";
		};
		D80AA7D61AA6601800C21D96 /* HypnosisterTests */ = {
			isa = PBXNativeTarget;
			buildConfigurationList = D80AA7EB1AA6601800C21D96 /* Build configuration list for PBXNativeTarget "HypnosisterTests" */;
			buildPhases = (
				D80AA7D31AA6601800C21D96 /* Sources */,
				D80AA7D41AA6601800C21D96 /* Frameworks */,
				D80AA7D51AA6601800C21D96 /* Resources */,
			);
			buildRules = (
			);
			dependencies = (
				D80AA7DD1AA6601800C21D96 /* PBXTargetDependency */,
			);
			name = HypnosisterTests;
			productName = HypnosisterTests;
			productReference = D80AA7D71AA6601800C21D96 /* HypnosisterTests.xctest */;
			productType = "com.apple.product-type.bundle.unit-test";
		};
/* End PBXNativeTarget section */

/* Begin PBXProject section */
		D80AA7B41AA6601800C21D96 /* Project object */ = {
			isa = PBXProject;
			attributes = {
				CLASSPREFIX = BNR;
				LastUpgradeCheck = 0510;
				ORGANIZATIONNAME = "Collin Grubbs";
				TargetAttributes = {
					D80AA7D61AA6601800C21D96 = {
						TestTargetID = D80AA7BB1AA6601800C21D96;
					};
				};
			};
			buildConfigurationList = D80AA7B71AA6601800C21D96 /* Build configuration list for PBXProject "Hypnosister" */;
			compatibilityVersion = "Xcode 3.2";
			developmentRegion = English;
			hasScannedForEncodings = 0;
			knownRegions = (
				en,
			);
			mainGroup = D80AA7B31AA6601800C21D96;
			productRefGroup = D80AA7BD1AA6601800C21D96 /* Products */;
			projectDirPath = "";
			projectRoot = "";
			targets = (
				D80AA7BB1AA6601800C21D96 /* Hypnosister */,
				D80AA7D61AA6601800C21D96 /* HypnosisterTests */,
			);
		};
/* End PBXProject section */

/* Begin PBXResourcesBuildPhase section */
		D80AA7BA1AA6601800C21D96 /* Resources */ = {
			isa = PBXResourcesBuildPhase;
			buildActionMask = 2147483647;
			files = (
				D80AA7CA1AA6601800C21D96 /* InfoPlist.strings in Resources */,
				D80AA7D21AA6601800C21D96 /* Images.xcassets in Resources */,
			);
			runOnlyForDeploymentPostprocessing = 0;
		};
		D80AA7D51AA6601800C21D96 /* Resources */ = {
			isa = PBXResourcesBuildPhase;
			buildActionMask = 2147483647;
			files = (
				D80AA7E31AA6601800C21D96 /* InfoPlist.strings in Resources */,
			);
			runOnlyForDeploymentPostprocessing = 0;
		};
/* End PBXResourcesBuildPhase section */

/* Begin PBXSourcesBuildPhase section */
		D80AA7B81AA6601800C21D96 /* Sources */ = {
			isa = PBXSourcesBuildPhase;
			buildActionMask = 2147483647;
			files = (
				D80AA7CC1AA6601800C21D96 /* main.m in Sources */,
				D80AA7D01AA6601800C21D96 /* BNRAppDelegate.m in Sources */,
				D80AA7F01AA6D4D300C21D96 /* BNRHypnosisView.m in Sources */,
			);
			runOnlyForDeploymentPostprocessing = 0;
		};
		D80AA7D31AA6601800C21D96 /* Sources */ = {
			isa = PBXSourcesBuildPhase;
			buildActionMask = 2147483647;
			files = (
				D80AA7E51AA6601800C21D96 /* HypnosisterTests.m in Sources */,
			);
			runOnlyForDeploymentPostprocessing = 0;
		};
/* End PBXSourcesBuildPhase section */

/* Begin PBXTargetDependency section */
		D80AA7DD1AA6601800C21D96 /* PBXTargetDependency */ = {
			isa = PBXTargetDependency;
			target = D80AA7BB1AA6601800C21D96 /* Hypnosister */;
			targetProxy = D80AA7DC1AA6601800C21D96 /* PBXContainerItemProxy */;
		};
/* End PBXTargetDependency section */

/* Begin PBXVariantGroup section */
		D80AA7C81AA6601800C21D96 /* InfoPlist.strings */ = {
			isa = PBXVariantGroup;
			children = (
				D80AA7C91AA6601800C21D96 /* en */,
			);
			name = InfoPlist.strings;
			sourceTree = "<group>";
		};
		D80AA7E11AA6601800C21D96 /* InfoPlist.strings */ = {
			isa = PBXVariantGroup;
			children = (
				D80AA7E21AA6601800C21D96 /* en */,
			);
			name = InfoPlist.strings;
			sourceTree = "<group>";
		};
/* End PBXVariantGroup section */

/* Begin XCBuildConfiguration section */
		D80AA7E61AA6601800C21D96 /* Debug */ = {
			isa = XCBuildConfiguration;
			buildSettings = {
				ALWAYS_SEARCH_USER_PATHS = NO;
				CLANG_CXX_LANGUAGE_STANDARD = "gnu++0x";
				CLANG_CXX_LIBRARY = "libc++";
				CLANG_ENABLE_MODULES = YES;
				CLANG_ENABLE_OBJC_ARC = YES;
				CLANG_WARN_BOOL_CONVERSION = YES;
				CLANG_WARN_CONSTANT_CONVERSION = YES;
				CLANG_WARN_DIRECT_OBJC_ISA_USAGE = YES_ERROR;
				CLANG_WARN_EMPTY_BODY = YES;
				CLANG_WARN_ENUM_CONVERSION = YES;
				CLANG_WARN_INT_CONVERSION = YES;
				CLANG_WARN_OBJC_ROOT_CLASS = YES_ERROR;
				CLANG_WARN__DUPLICATE_METHOD_MATCH = YES;
				"CODE_SIGN_IDENTITY[sdk=iphoneos*]" = "iPhone Developer";
				COPY_PHASE_STRIP = NO;
				GCC_C_LANGUAGE_STANDARD = gnu99;
				GCC_DYNAMIC_NO_PIC = NO;
				GCC_OPTIMIZATION_LEVEL = 0;
				GCC_PREPROCESSOR_DEFINITIONS = (
					"DEBUG=1",
					"$(inherited)",
				);
				GCC_SYMBOLS_PRIVATE_EXTERN = NO;
				GCC_WARN_64_TO_32_BIT_CONVERSION = YES;
				GCC_WARN_ABOUT_RETURN_TYPE = YES_ERROR;
				GCC_WARN_UNDECLARED_SELECTOR = YES;
				GCC_WARN_UNINITIALIZED_AUTOS = YES_AGGRESSIVE;
				GCC_WARN_UNUSED_FUNCTION = YES;
				GCC_WARN_UNUSED_VARIABLE = YES;
				IPHONEOS_DEPLOYMENT_TARGET = 7.1;
				ONLY_ACTIVE_ARCH = YES;
				SDKROOT = iphoneos;
			};
			name = Debug;
		};
		D80AA7E71AA6601800C21D96 /* Release */ = {
			isa = XCBuildConfiguration;
			buildSettings = {
				ALWAYS_SEARCH_USER_PATHS = NO;
				CLANG_CXX_LANGUAGE_STANDARD = "gnu++0x";
				CLANG_CXX_LIBRARY = "libc++";
				CLANG_ENABLE_MODULES = YES;
				CLANG_ENABLE_OBJC_ARC = YES;
				CLANG_WARN_BOOL_CONVERSION = YES;
				CLANG_WARN_CONSTANT_CONVERSION = YES;
				CLANG_WARN_DIRECT_OBJC_ISA_USAGE = YES_ERROR;
				CLANG_WARN_EMPTY_BODY = YES;
				CLANG_WARN_ENUM_CONVERSION = YES;
				CLANG_WARN_INT_CONVERSION = YES;
				CLANG_WARN_OBJC_ROOT_CLASS = YES_ERROR;
				CLANG_WARN__DUPLICATE_METHOD_MATCH = YES;
				"CODE_SIGN_IDENTITY[sdk=iphoneos*]" = "iPhone Developer";
				COPY_PHASE_STRIP = YES;
				ENABLE_NS_ASSERTIONS = NO;
				GCC_C_LANGUAGE_STANDARD = gnu99;
				GCC_WARN_64_TO_32_BIT_CONVERSION = YES;
				GCC_WARN_ABOUT_RETURN_TYPE = YES_ERROR;
				GCC_WARN_UNDECLARED_SELECTOR = YES;
				GCC_WARN_UNINITIALIZED_AUTOS = YES_AGGRESSIVE;
				GCC_WARN_UNUSED_FUNCTION = YES;
				GCC_WARN_UNUSED_VARIABLE = YES;
				IPHONEOS_DEPLOYMENT_TARGET = 7.1;
				SDKROOT = iphoneos;
				VALIDATE_PRODUCT = YES;
			};
			name = Release;
		};
		D80AA7E91AA6601800C21D96 /* Debug */ = {
			isa = XCBuildConfiguration;
			buildSettings = {
				ASSETCATALOG_COMPILER_APPICON_NAME = AppIcon;
				ASSETCATALOG_COMPILER_LAUNCHIMAGE_NAME = LaunchImage;
				GCC_PRECOMPILE_PREFIX_HEADER = YES;
				GCC_PREFIX_HEADER = "Hypnosister/Hypnosister-Prefix.pch";
				INFOPLIST_FILE = "Hypnosister/Hypnosister-Info.plist";
				PRODUCT_NAME = "$(TARGET_NAME)";
				WRAPPER_EXTENSION = app;
			};
			name = Debug;
		};
		D80AA7EA1AA6601800C21D96 /* Release */ = {
			isa = XCBuildConfiguration;
			buildSettings = {
				ASSETCATALOG_COMPILER_APPICON_NAME = AppIcon;
				ASSETCATALOG_COMPILER_LAUNCHIMAGE_NAME = LaunchImage;
				GCC_PRECOMPILE_PREFIX_HEADER = YES;
				GCC_PREFIX_HEADER = "Hypnosister/Hypnosister-Prefix.pch";
				INFOPLIST_FILE = "Hypnosister/Hypnosister-Info.plist";
				PRODUCT_NAME = "$(TARGET_NAME)";
				WRAPPER_EXTENSION = app;
			};
			name = Release;
		};
		D80AA7EC1AA6601800C21D96 /* Debug */ = {
			isa = XCBuildConfiguration;
			buildSettings = {
				BUNDLE_LOADER = "$(BUILT_PRODUCTS_DIR)/Hypnosister.app/Hypnosister";
				FRAMEWORK_SEARCH_PATHS = (
					"$(SDKROOT)/Developer/Library/Frameworks",
					"$(inherited)",
					"$(DEVELOPER_FRAMEWORKS_DIR)",
				);
				GCC_PRECOMPILE_PREFIX_HEADER = YES;
				GCC_PREFIX_HEADER = "Hypnosister/Hypnosister-Prefix.pch";
				GCC_PREPROCESSOR_DEFINITIONS = (
					"DEBUG=1",
					"$(inherited)",
				);
				INFOPLIST_FILE = "HypnosisterTests/HypnosisterTests-Info.plist";
				PRODUCT_NAME = "$(TARGET_NAME)";
				TEST_HOST = "$(BUNDLE_LOADER)";
				WRAPPER_EXTENSION = xctest;
			};
			name = Debug;
		};
		D80AA7ED1AA6601800C21D96 /* Release */ = {
			isa = XCBuildConfiguration;
			buildSettings = {
				BUNDLE_LOADER = "$(BUILT_PRODUCTS_DIR)/Hypnosister.app/Hypnosister";
				FRAMEWORK_SEARCH_PATHS = (
					"$(SDKROOT)/Developer/Library/Frameworks",
					"$(inherited)",
					"$(DEVELOPER_FRAMEWORKS_DIR)",
				);
				GCC_PRECOMPILE_PREFIX_HEADER = YES;
				GCC_PREFIX_HEADER = "Hypnosister/Hypnosister-Prefix.pch";
				INFOPLIST_FILE = "HypnosisterTests/HypnosisterTests-Info.plist";
				PRODUCT_NAME = "$(TARGET_NAME)";
				TEST_HOST = "$(BUNDLE_LOADER)";
				WRAPPER_EXTENSION = xctest;
			};
			name = Release;
		};
/* End XCBuildConfiguration section */

/* Begin XCConfigurationList section */
		D80AA7B71AA6601800C21D96 /* Build configuration list for PBXProject "Hypnosister" */ = {
			isa = XCConfigurationList;
			buildConfigurations = (
				D80AA7E61AA6601800C21D96 /* Debug */,
				D80AA7E71AA6601800C21D96 /* Release */,
			);
			defaultConfigurationIsVisible = 0;
			defaultConfigurationName = Release;
		};
		D80AA7E81AA6601800C21D96 /* Build configuration list for PBXNativeTarget "Hypnosister" */ = {
			isa = XCConfigurationList;
			buildConfigurations = (
				D80AA7E91AA6601800C21D96 /* Debug */,
				D80AA7EA1AA6601800C21D96 /* Release */,
			);
			defaultConfigurationIsVisible = 0;
		};
		D80AA7EB1AA6601800C21D96 /* Build configuration list for PBXNativeTarget "HypnosisterTests" */ = {
			isa = XCConfigurationList;
			buildConfigurations = (
				D80AA7EC1AA6601800C21D96 /* Debug */,
				D80AA7ED1AA6601800C21D96 /* Release */,
			);
			defaultConfigurationIsVisible = 0;
		};
/* End XCConfigurationList section */
	};
	rootObject = D80AA7B41AA6601800C21D96 /* Project object */;
}
